
Microsoft Visual Studio Solution File, Format Version 12.00
# Visual Studio Version 17
VisualStudioVersion = 17.8.34330.188
MinimumVisualStudioVersion = 10.0.40219.1
Project("{2150E333-8FDC-42A3-9474-1A3956D46DE8}") = "Front-End", "Front-End", "{806AF7DF-DEF2-47B1-9560-0D756AE1C294}"
EndProject
Project("{2150E333-8FDC-42A3-9474-1A3956D46DE8}") = "Gateway", "Gateway", "{8B055A93-D441-418F-8D9B-5BA2A57A1F58}"
EndProject
Project("{2150E333-8FDC-42A3-9474-1A3956D46DE8}") = "Integration", "Integration", "{7E0D34C2-23E9-49AD-9AC0-C99CFC80CBF1}"
EndProject
Project("{2150E333-8FDC-42A3-9474-1A3956D46DE8}") = "Services", "Services", "{E558E40D-2909-42CF-8316-BCD610A393AB}"
EndProject
Project("{FAE04EC0-301F-11D3-BF4B-00C04F79EFBC}") = "Mango.Services.CouponAPI", "Mango.Services.CouponAPI\Mango.Services.CouponAPI.csproj", "{48C41F32-F01C-492D-8979-0C08A3649DBB}"
EndProject
Global
	GlobalSection(SolutionConfigurationPlatforms) = preSolution
		Debug|Any CPU = Debug|Any CPU
		Release|Any CPU = Release|Any CPU
	EndGlobalSection
	GlobalSection(ProjectConfigurationPlatforms) = postSolution
		{48C41F32-F01C-492D-8979-0C08A3649DBB}.Debug|Any CPU.ActiveCfg = Debug|Any CPU
		{48C41F32-F01C-492D-8979-0C08A3649DBB}.Debug|Any CPU.Build.0 = Debug|Any CPU
		{48C41F32-F01C-492D-8979-0C08A3649DBB}.Release|Any CPU.ActiveCfg = Release|Any CPU
		{48C41F32-F01C-492D-8979-0C08A3649DBB}.Release|Any CPU.Build.0 = Release|Any CPU
	EndGlobalSection
	GlobalSection(SolutionProperties) = preSolution
		HideSolutionNode = FALSE
	EndGlobalSection
	GlobalSection(NestedProjects) = preSolution
		{48C41F32-F01C-492D-8979-0C08A3649DBB} = {E558E40D-2909-42CF-8316-BCD610A393AB}
	EndGlobalSection
	GlobalSection(ExtensibilityGlobals) = postSolution
		SolutionGuid = {77444803-217B-45B8-8DBB-2CDC16B40DE9}
	EndGlobalSection
EndGlobal
