
Microsoft Visual Studio Solution File, Format Version 12.00
# Visual Studio Version 17
VisualStudioVersion = 17.8.34330.188
MinimumVisualStudioVersion = 10.0.40219.1
Project("{2150E333-8FDC-42A3-9474-1A3956D46DE8}") = "Front-End", "Front-End", "{806AF7DF-DEF2-47B1-9560-0D756AE1C294}"
EndProject
Project("{2150E333-8FDC-42A3-9474-1A3956D46DE8}") = "Gateway", "Gateway", "{8B055A93-D441-418F-8D9B-5BA2A57A1F58}"
EndProject
Project("{2150E333-8FDC-42A3-9474-1A3956D46DE8}") = "Integration", "Integration", "{7E0D34C2-23E9-49AD-9AC0-C99CFC80CBF1}"
EndProject
Project("{2150E333-8FDC-42A3-9474-1A3956D46DE8}") = "Services", "Services", "{E558E40D-2909-42CF-8316-BCD610A393AB}"
EndProject
Project("{9A19103F-16F7-4668-BE54-9A1E7A4F7556}") = "Mango.Services.CouponAPI", "Mango.Services.CouponAPI\Mango.Services.CouponAPI.csproj", "{48C41F32-F01C-492D-8979-0C08A3649DBB}"
EndProject
Project("{9A19103F-16F7-4668-BE54-9A1E7A4F7556}") = "Mango.Web", "Mango.Web\Mango.Web.csproj", "{7998B496-C67C-4727-9810-A92CBF0F9106}"
EndProject
Project("{9A19103F-16F7-4668-BE54-9A1E7A4F7556}") = "Mango.Services.AuthAPI", "Mango.Services.AuthAPI\Mango.Services.AuthAPI.csproj", "{DD63A08F-A36E-41C6-8B6B-91048DDC5387}"
EndProject
Project("{9A19103F-16F7-4668-BE54-9A1E7A4F7556}") = "Mango.Services.ProductAPI", "Mango.Services.ProductAPI\Mango.Services.ProductAPI.csproj", "{8C5B972A-34DE-4469-8297-B49EE63ECBDD}"
EndProject
Project("{9A19103F-16F7-4668-BE54-9A1E7A4F7556}") = "Mango.Services.ShoppingCartAPI", "Mango.Services.ShoppingCartAPI\Mango.Services.ShoppingCartAPI.csproj", "{1D812642-81AC-48EB-BEA8-39A4616F79C7}"
EndProject
Project("{9A19103F-16F7-4668-BE54-9A1E7A4F7556}") = "Mango.MessageBus", "Mango.MessageBus\Mango.MessageBus.csproj", "{5D7E5173-3F7A-47EC-8755-EFB59559F3D3}"
EndProject
Project("{9A19103F-16F7-4668-BE54-9A1E7A4F7556}") = "Mango.Services.EmailAPI", "Mango.Services.EmailAPI\Mango.Services.EmailAPI.csproj", "{C1FC3975-6C33-452B-8480-5B56CF3997DE}"
EndProject
Project("{9A19103F-16F7-4668-BE54-9A1E7A4F7556}") = "Mango.Services.OrderAPI", "Mango.Services.OrderAPI\Mango.Services.OrderAPI.csproj", "{89442577-2F1C-49E6-B555-61F50C80A25E}"
EndProject
Project("{9A19103F-16F7-4668-BE54-9A1E7A4F7556}") = "Mango.Services.RewardAPI", "Mango.Services.RewardAPI\Mango.Services.RewardAPI.csproj", "{B6631068-B6B2-446F-AD59-6E2C26E03A43}"
EndProject
Project("{FAE04EC0-301F-11D3-BF4B-00C04F79EFBC}") = "Mango.GatewaySolution", "Mango.GatewaySolution\Mango.GatewaySolution.csproj", "{6CB479F1-250B-465A-9014-8EE6574CDAD1}"
EndProject
Global
	GlobalSection(SolutionConfigurationPlatforms) = preSolution
		Debug|Any CPU = Debug|Any CPU
		Release|Any CPU = Release|Any CPU
	EndGlobalSection
	GlobalSection(ProjectConfigurationPlatforms) = postSolution
		{48C41F32-F01C-492D-8979-0C08A3649DBB}.Debug|Any CPU.ActiveCfg = Debug|Any CPU
		{48C41F32-F01C-492D-8979-0C08A3649DBB}.Debug|Any CPU.Build.0 = Debug|Any CPU
		{48C41F32-F01C-492D-8979-0C08A3649DBB}.Release|Any CPU.ActiveCfg = Release|Any CPU
		{48C41F32-F01C-492D-8979-0C08A3649DBB}.Release|Any CPU.Build.0 = Release|Any CPU
		{7998B496-C67C-4727-9810-A92CBF0F9106}.Debug|Any CPU.ActiveCfg = Debug|Any CPU
		{7998B496-C67C-4727-9810-A92CBF0F9106}.Debug|Any CPU.Build.0 = Debug|Any CPU
		{7998B496-C67C-4727-9810-A92CBF0F9106}.Release|Any CPU.ActiveCfg = Release|Any CPU
		{7998B496-C67C-4727-9810-A92CBF0F9106}.Release|Any CPU.Build.0 = Release|Any CPU
		{DD63A08F-A36E-41C6-8B6B-91048DDC5387}.Debug|Any CPU.ActiveCfg = Debug|Any CPU
		{DD63A08F-A36E-41C6-8B6B-91048DDC5387}.Debug|Any CPU.Build.0 = Debug|Any CPU
		{DD63A08F-A36E-41C6-8B6B-91048DDC5387}.Release|Any CPU.ActiveCfg = Release|Any CPU
		{DD63A08F-A36E-41C6-8B6B-91048DDC5387}.Release|Any CPU.Build.0 = Release|Any CPU
		{8C5B972A-34DE-4469-8297-B49EE63ECBDD}.Debug|Any CPU.ActiveCfg = Debug|Any CPU
		{8C5B972A-34DE-4469-8297-B49EE63ECBDD}.Debug|Any CPU.Build.0 = Debug|Any CPU
		{8C5B972A-34DE-4469-8297-B49EE63ECBDD}.Release|Any CPU.ActiveCfg = Release|Any CPU
		{8C5B972A-34DE-4469-8297-B49EE63ECBDD}.Release|Any CPU.Build.0 = Release|Any CPU
		{1D812642-81AC-48EB-BEA8-39A4616F79C7}.Debug|Any CPU.ActiveCfg = Debug|Any CPU
		{1D812642-81AC-48EB-BEA8-39A4616F79C7}.Debug|Any CPU.Build.0 = Debug|Any CPU
		{1D812642-81AC-48EB-BEA8-39A4616F79C7}.Release|Any CPU.ActiveCfg = Release|Any CPU
		{1D812642-81AC-48EB-BEA8-39A4616F79C7}.Release|Any CPU.Build.0 = Release|Any CPU
		{5D7E5173-3F7A-47EC-8755-EFB59559F3D3}.Debug|Any CPU.ActiveCfg = Debug|Any CPU
		{5D7E5173-3F7A-47EC-8755-EFB59559F3D3}.Debug|Any CPU.Build.0 = Debug|Any CPU
		{5D7E5173-3F7A-47EC-8755-EFB59559F3D3}.Release|Any CPU.ActiveCfg = Release|Any CPU
		{5D7E5173-3F7A-47EC-8755-EFB59559F3D3}.Release|Any CPU.Build.0 = Release|Any CPU
		{C1FC3975-6C33-452B-8480-5B56CF3997DE}.Debug|Any CPU.ActiveCfg = Debug|Any CPU
		{C1FC3975-6C33-452B-8480-5B56CF3997DE}.Debug|Any CPU.Build.0 = Debug|Any CPU
		{C1FC3975-6C33-452B-8480-5B56CF3997DE}.Release|Any CPU.ActiveCfg = Release|Any CPU
		{C1FC3975-6C33-452B-8480-5B56CF3997DE}.Release|Any CPU.Build.0 = Release|Any CPU
		{89442577-2F1C-49E6-B555-61F50C80A25E}.Debug|Any CPU.ActiveCfg = Debug|Any CPU
		{89442577-2F1C-49E6-B555-61F50C80A25E}.Debug|Any CPU.Build.0 = Debug|Any CPU
		{89442577-2F1C-49E6-B555-61F50C80A25E}.Release|Any CPU.ActiveCfg = Release|Any CPU
		{89442577-2F1C-49E6-B555-61F50C80A25E}.Release|Any CPU.Build.0 = Release|Any CPU
		{B6631068-B6B2-446F-AD59-6E2C26E03A43}.Debug|Any CPU.ActiveCfg = Debug|Any CPU
		{B6631068-B6B2-446F-AD59-6E2C26E03A43}.Debug|Any CPU.Build.0 = Debug|Any CPU
		{B6631068-B6B2-446F-AD59-6E2C26E03A43}.Release|Any CPU.ActiveCfg = Release|Any CPU
		{B6631068-B6B2-446F-AD59-6E2C26E03A43}.Release|Any CPU.Build.0 = Release|Any CPU
		{6CB479F1-250B-465A-9014-8EE6574CDAD1}.Debug|Any CPU.ActiveCfg = Debug|Any CPU
		{6CB479F1-250B-465A-9014-8EE6574CDAD1}.Debug|Any CPU.Build.0 = Debug|Any CPU
		{6CB479F1-250B-465A-9014-8EE6574CDAD1}.Release|Any CPU.ActiveCfg = Release|Any CPU
		{6CB479F1-250B-465A-9014-8EE6574CDAD1}.Release|Any CPU.Build.0 = Release|Any CPU
	EndGlobalSection
	GlobalSection(SolutionProperties) = preSolution
		HideSolutionNode = FALSE
	EndGlobalSection
	GlobalSection(NestedProjects) = preSolution
		{48C41F32-F01C-492D-8979-0C08A3649DBB} = {E558E40D-2909-42CF-8316-BCD610A393AB}
		{7998B496-C67C-4727-9810-A92CBF0F9106} = {806AF7DF-DEF2-47B1-9560-0D756AE1C294}
		{DD63A08F-A36E-41C6-8B6B-91048DDC5387} = {E558E40D-2909-42CF-8316-BCD610A393AB}
		{8C5B972A-34DE-4469-8297-B49EE63ECBDD} = {E558E40D-2909-42CF-8316-BCD610A393AB}
		{1D812642-81AC-48EB-BEA8-39A4616F79C7} = {E558E40D-2909-42CF-8316-BCD610A393AB}
		{5D7E5173-3F7A-47EC-8755-EFB59559F3D3} = {7E0D34C2-23E9-49AD-9AC0-C99CFC80CBF1}
		{C1FC3975-6C33-452B-8480-5B56CF3997DE} = {E558E40D-2909-42CF-8316-BCD610A393AB}
		{89442577-2F1C-49E6-B555-61F50C80A25E} = {E558E40D-2909-42CF-8316-BCD610A393AB}
		{B6631068-B6B2-446F-AD59-6E2C26E03A43} = {E558E40D-2909-42CF-8316-BCD610A393AB}
		{6CB479F1-250B-465A-9014-8EE6574CDAD1} = {8B055A93-D441-418F-8D9B-5BA2A57A1F58}
	EndGlobalSection
	GlobalSection(ExtensibilityGlobals) = postSolution
		SolutionGuid = {77444803-217B-45B8-8DBB-2CDC16B40DE9}
	EndGlobalSection
EndGlobal
